
Microsoft Visual Studio Solution File, Format Version 12.00
# Visual Studio 15
VisualStudioVersion = 15.0.26730.16
MinimumVisualStudioVersion = 10.0.40219.1
Project("{9A19103F-16F7-4668-BE54-9A1E7A4F7556}") = "MemeIumServices", "MemeIumServices\MemeIumServices.csproj", "{11B101EC-27E1-48DC-87DE-48D4A8CD1A21}"
EndProject
Global
	GlobalSection(SolutionConfigurationPlatforms) = preSolution
		Debug|Any CPU = Debug|Any CPU
		Release|Any CPU = Release|Any CPU
	EndGlobalSection
	GlobalSection(ProjectConfigurationPlatforms) = postSolution
		{11B101EC-27E1-48DC-87DE-48D4A8CD1A21}.Debug|Any CPU.ActiveCfg = Debug|Any CPU
		{11B101EC-27E1-48DC-87DE-48D4A8CD1A21}.Debug|Any CPU.Build.0 = Debug|Any CPU
		{11B101EC-27E1-48DC-87DE-48D4A8CD1A21}.Release|Any CPU.ActiveCfg = Release|Any CPU
		{11B101EC-27E1-48DC-87DE-48D4A8CD1A21}.Release|Any CPU.Build.0 = Release|Any CPU
	EndGlobalSection
	GlobalSection(SolutionProperties) = preSolution
		HideSolutionNode = FALSE
	EndGlobalSection
	GlobalSection(ExtensibilityGlobals) = postSolution
		SolutionGuid = {C87DF91E-191E-4CA1-AA0F-6326164A1492}
	EndGlobalSection
EndGlobal
